
Microsoft Visual Studio Solution File, Format Version 12.00
Project("{FAE04EC0-301F-11D3-BF4B-00C04F79EFBC}") = "GameHost.V3", "GameHost.V3\GameHost.V3.csproj", "{A38D0323-8F61-4F15-AE82-7D6EC1B7B79B}"
EndProject
Project("{FAE04EC0-301F-11D3-BF4B-00C04F79EFBC}") = "TestExecutable", "TestExecutable\TestExecutable.csproj", "{7AF1B2A0-99E4-4247-B46A-E91790BD01A6}"
EndProject
Project("{FAE04EC0-301F-11D3-BF4B-00C04F79EFBC}") = "GameHost.Simulation", "GameHost.Simulation\GameHost.Simulation.csproj", "{5A086EF9-7F8B-4B47-BD93-2D7213439316}"
EndProject
Global
	GlobalSection(SolutionConfigurationPlatforms) = preSolution
		Debug|Any CPU = Debug|Any CPU
		Release|Any CPU = Release|Any CPU
	EndGlobalSection
	GlobalSection(ProjectConfigurationPlatforms) = postSolution
		{A38D0323-8F61-4F15-AE82-7D6EC1B7B79B}.Debug|Any CPU.ActiveCfg = Debug|Any CPU
		{A38D0323-8F61-4F15-AE82-7D6EC1B7B79B}.Debug|Any CPU.Build.0 = Debug|Any CPU
		{A38D0323-8F61-4F15-AE82-7D6EC1B7B79B}.Release|Any CPU.ActiveCfg = Release|Any CPU
		{A38D0323-8F61-4F15-AE82-7D6EC1B7B79B}.Release|Any CPU.Build.0 = Release|Any CPU
		{7AF1B2A0-99E4-4247-B46A-E91790BD01A6}.Debug|Any CPU.ActiveCfg = Debug|Any CPU
		{7AF1B2A0-99E4-4247-B46A-E91790BD01A6}.Debug|Any CPU.Build.0 = Debug|Any CPU
		{7AF1B2A0-99E4-4247-B46A-E91790BD01A6}.Release|Any CPU.ActiveCfg = Release|Any CPU
		{7AF1B2A0-99E4-4247-B46A-E91790BD01A6}.Release|Any CPU.Build.0 = Release|Any CPU
		{5A086EF9-7F8B-4B47-BD93-2D7213439316}.Debug|Any CPU.ActiveCfg = Debug|Any CPU
		{5A086EF9-7F8B-4B47-BD93-2D7213439316}.Debug|Any CPU.Build.0 = Debug|Any CPU
		{5A086EF9-7F8B-4B47-BD93-2D7213439316}.Release|Any CPU.ActiveCfg = Release|Any CPU
		{5A086EF9-7F8B-4B47-BD93-2D7213439316}.Release|Any CPU.Build.0 = Release|Any CPU
	EndGlobalSection
EndGlobal
